// !$*UTF8*$!
{
	archiveVersion = 1;
	classes = {
	};
	objectVersion = 50;
	objects = {

/* Begin PBXBuildFile section */
		542BD0CC240445E700443EB9 /* AppDelegate.swift in Sources */ = {isa = PBXBuildFile; fileRef = 542BD0CB240445E700443EB9 /* AppDelegate.swift */; };
		542BD0CE240445E700443EB9 /* SceneDelegate.swift in Sources */ = {isa = PBXBuildFile; fileRef = 542BD0CD240445E700443EB9 /* SceneDelegate.swift */; };
		542BD0D0240445E700443EB9 /* ViewController.swift in Sources */ = {isa = PBXBuildFile; fileRef = 542BD0CF240445E700443EB9 /* ViewController.swift */; };
		542BD0D3240445E700443EB9 /* Main.storyboard in Resources */ = {isa = PBXBuildFile; fileRef = 542BD0D1240445E700443EB9 /* Main.storyboard */; };
		542BD0D6240445E700443EB9 /* myAutoLayout.xcdatamodeld in Sources */ = {isa = PBXBuildFile; fileRef = 542BD0D4240445E700443EB9 /* myAutoLayout.xcdatamodeld */; };
		542BD0D8240445E800443EB9 /* Assets.xcassets in Resources */ = {isa = PBXBuildFile; fileRef = 542BD0D7240445E800443EB9 /* Assets.xcassets */; };
		542BD0DB240445E800443EB9 /* LaunchScreen.storyboard in Resources */ = {isa = PBXBuildFile; fileRef = 542BD0D9240445E800443EB9 /* LaunchScreen.storyboard */; };
		542BD0E324044D6500443EB9 /* custombutton.swift in Sources */ = {isa = PBXBuildFile; fileRef = 542BD0E224044D6500443EB9 /* custombutton.swift */; };
		542BD0E52404713500443EB9 /* viewcontroller2.swift in Sources */ = {isa = PBXBuildFile; fileRef = 542BD0E42404713500443EB9 /* viewcontroller2.swift */; };
		542BD0E72404714B00443EB9 /* ViewController3.swift in Sources */ = {isa = PBXBuildFile; fileRef = 542BD0E62404714B00443EB9 /* ViewController3.swift */; };
/* End PBXBuildFile section */

/* Begin PBXFileReference section */
		542BD0C8240445E700443EB9 /* myAutoLayout.app */ = {isa = PBXFileReference; explicitFileType = wrapper.application; includeInIndex = 0; path = myAutoLayout.app; sourceTree = BUILT_PRODUCTS_DIR; };
		542BD0CB240445E700443EB9 /* AppDelegate.swift */ = {isa = PBXFileReference; lastKnownFileType = sourcecode.swift; path = AppDelegate.swift; sourceTree = "<group>"; };
		542BD0CD240445E700443EB9 /* SceneDelegate.swift */ = {isa = PBXFileReference; lastKnownFileType = sourcecode.swift; path = SceneDelegate.swift; sourceTree = "<group>"; };
		542BD0CF240445E700443EB9 /* ViewController.swift */ = {isa = PBXFileReference; lastKnownFileType = sourcecode.swift; path = ViewController.swift; sourceTree = "<group>"; };
		542BD0D2240445E700443EB9 /* Base */ = {isa = PBXFileReference; lastKnownFileType = file.storyboard; name = Base; path = Base.lproj/Main.storyboard; sourceTree = "<group>"; };
		542BD0D5240445E700443EB9 /* myAutoLayout.xcdatamodel */ = {isa = PBXFileReference; lastKnownFileType = wrapper.xcdatamodel; path = myAutoLayout.xcdatamodel; sourceTree = "<group>"; };
		542BD0D7240445E800443EB9 /* Assets.xcassets */ = {isa = PBXFileReference; lastKnownFileType = folder.assetcatalog; path = Assets.xcassets; sourceTree = "<group>"; };
		542BD0DA240445E800443EB9 /* Base */ = {isa = PBXFileReference; lastKnownFileType = file.storyboard; name = Base; path = Base.lproj/LaunchScreen.storyboard; sourceTree = "<group>"; };
		542BD0DC240445E800443EB9 /* Info.plist */ = {isa = PBXFileReference; lastKnownFileType = text.plist.xml; path = Info.plist; sourceTree = "<group>"; };
		542BD0E224044D6500443EB9 /* custombutton.swift */ = {isa = PBXFileReference; lastKnownFileType = sourcecode.swift; path = custombutton.swift; sourceTree = "<group>"; };
		542BD0E42404713500443EB9 /* viewcontroller2.swift */ = {isa = PBXFileReference; lastKnownFileType = sourcecode.swift; path = viewcontroller2.swift; sourceTree = "<group>"; };
		542BD0E62404714B00443EB9 /* ViewController3.swift */ = {isa = PBXFileReference; lastKnownFileType = sourcecode.swift; path = ViewController3.swift; sourceTree = "<group>"; };
/* End PBXFileReference section */

/* Begin PBXFrameworksBuildPhase section */
		542BD0C5240445E700443EB9 /* Frameworks */ = {
			isa = PBXFrameworksBuildPhase;
			buildActionMask = 2147483647;
			files = (
			);
			runOnlyForDeploymentPostprocessing = 0;
		};
/* End PBXFrameworksBuildPhase section */

/* Begin PBXGroup section */
		542BD0BF240445E700443EB9 = {
			isa = PBXGroup;
			children = (
				542BD0CA240445E700443EB9 /* myAutoLayout */,
				542BD0C9240445E700443EB9 /* Products */,
			);
			sourceTree = "<group>";
		};
		542BD0C9240445E700443EB9 /* Products */ = {
			isa = PBXGroup;
			children = (
				542BD0C8240445E700443EB9 /* myAutoLayout.app */,
			);
			name = Products;
			sourceTree = "<group>";
		};
		542BD0CA240445E700443EB9 /* myAutoLayout */ = {
			isa = PBXGroup;
			children = (
				542BD0CB240445E700443EB9 /* AppDelegate.swift */,
				542BD0CD240445E700443EB9 /* SceneDelegate.swift */,
				542BD0CF240445E700443EB9 /* ViewController.swift */,
				542BD0D1240445E700443EB9 /* Main.storyboard */,
				542BD0D7240445E800443EB9 /* Assets.xcassets */,
				542BD0D9240445E800443EB9 /* LaunchScreen.storyboard */,
				542BD0DC240445E800443EB9 /* Info.plist */,
				542BD0D4240445E700443EB9 /* myAutoLayout.xcdatamodeld */,
				542BD0E224044D6500443EB9 /* custombutton.swift */,
				542BD0E42404713500443EB9 /* viewcontroller2.swift */,
				542BD0E62404714B00443EB9 /* ViewController3.swift */,
			);
			path = myAutoLayout;
			sourceTree = "<group>";
		};
/* End PBXGroup section */

/* Begin PBXNativeTarget section */
		542BD0C7240445E700443EB9 /* myAutoLayout */ = {
			isa = PBXNativeTarget;
			buildConfigurationList = 542BD0DF240445E800443EB9 /* Build configuration list for PBXNativeTarget "myAutoLayout" */;
			buildPhases = (
				542BD0C4240445E700443EB9 /* Sources */,
				542BD0C5240445E700443EB9 /* Frameworks */,
				542BD0C6240445E700443EB9 /* Resources */,
			);
			buildRules = (
			);
			dependencies = (
			);
			name = myAutoLayout;
			productName = myAutoLayout;
			productReference = 542BD0C8240445E700443EB9 /* myAutoLayout.app */;
			productType = "com.apple.product-type.application";
		};
/* End PBXNativeTarget section */

/* Begin PBXProject section */
		542BD0C0240445E700443EB9 /* Project object */ = {
			isa = PBXProject;
			attributes = {
				LastSwiftUpdateCheck = 1130;
				LastUpgradeCheck = 1130;
				ORGANIZATIONNAME = Toan;
				TargetAttributes = {
					542BD0C7240445E700443EB9 = {
						CreatedOnToolsVersion = 11.3;
					};
				};
			};
			buildConfigurationList = 542BD0C3240445E700443EB9 /* Build configuration list for PBXProject "myAutoLayout" */;
			compatibilityVersion = "Xcode 9.3";
			developmentRegion = en;
			hasScannedForEncodings = 0;
			knownRegions = (
				en,
				Base,
			);
			mainGroup = 542BD0BF240445E700443EB9;
			productRefGroup = 542BD0C9240445E700443EB9 /* Products */;
			projectDirPath = "";
			projectRoot = "";
			targets = (
				542BD0C7240445E700443EB9 /* myAutoLayout */,
			);
		};
/* End PBXProject section */

/* Begin PBXResourcesBuildPhase section */
		542BD0C6240445E700443EB9 /* Resources */ = {
			isa = PBXResourcesBuildPhase;
			buildActionMask = 2147483647;
			files = (
				542BD0DB240445E800443EB9 /* LaunchScreen.storyboard in Resources */,
				542BD0D8240445E800443EB9 /* Assets.xcassets in Resources */,
				542BD0D3240445E700443EB9 /* Main.storyboard in Resources */,
			);
			runOnlyForDeploymentPostprocessing = 0;
		};
/* End PBXResourcesBuildPhase section */

/* Begin PBXSourcesBuildPhase section */
		542BD0C4240445E700443EB9 /* Sources */ = {
			isa = PBXSourcesBuildPhase;
			buildActionMask = 2147483647;
			files = (
				542BD0E52404713500443EB9 /* viewcontroller2.swift in Sources */,
				542BD0D0240445E700443EB9 /* ViewController.swift in Sources */,
				542BD0CC240445E700443EB9 /* AppDelegate.swift in Sources */,
				542BD0E324044D6500443EB9 /* custombutton.swift in Sources */,
				542BD0D6240445E700443EB9 /* myAutoLayout.xcdatamodeld in Sources */,
				542BD0E72404714B00443EB9 /* ViewController3.swift in Sources */,
				542BD0CE240445E700443EB9 /* SceneDelegate.swift in Sources */,
			);
			runOnlyForDeploymentPostprocessing = 0;
		};
/* End PBXSourcesBuildPhase section */

/* Begin PBXVariantGroup section */
		542BD0D1240445E700443EB9 /* Main.storyboard */ = {
			isa = PBXVariantGroup;
			children = (
				542BD0D2240445E700443EB9 /* Base */,
			);
			name = Main.storyboard;
			sourceTree = "<group>";
		};
		542BD0D9240445E800443EB9 /* LaunchScreen.storyboard */ = {
			isa = PBXVariantGroup;
			children = (
				542BD0DA240445E800443EB9 /* Base */,
			);
			name = LaunchScreen.storyboard;
			sourceTree = "<group>";
		};
/* End PBXVariantGroup section */

/* Begin XCBuildConfiguration section */
		542BD0DD240445E800443EB9 /* Debug */ = {
			isa = XCBuildConfiguration;
			buildSettings = {
				ALWAYS_SEARCH_USER_PATHS = NO;
				CLANG_ANALYZER_NONNULL = YES;
				CLANG_ANALYZER_NUMBER_OBJECT_CONVERSION = YES_AGGRESSIVE;
				CLANG_CXX_LANGUAGE_STANDARD = "gnu++14";
				CLANG_CXX_LIBRARY = "libc++";
				CLANG_ENABLE_MODULES = YES;
				CLANG_ENABLE_OBJC_ARC = YES;
				CLANG_ENABLE_OBJC_WEAK = YES;
				CLANG_WARN_BLOCK_CAPTURE_AUTORELEASING = YES;
				CLANG_WARN_BOOL_CONVERSION = YES;
				CLANG_WARN_COMMA = YES;
				CLANG_WARN_CONSTANT_CONVERSION = YES;
				CLANG_WARN_DEPRECATED_OBJC_IMPLEMENTATIONS = YES;
				CLANG_WARN_DIRECT_OBJC_ISA_USAGE = YES_ERROR;
				CLANG_WARN_DOCUMENTATION_COMMENTS = YES;
				CLANG_WARN_EMPTY_BODY = YES;
				CLANG_WARN_ENUM_CONVERSION = YES;
				CLANG_WARN_INFINITE_RECURSION = YES;
				CLANG_WARN_INT_CONVERSION = YES;
				CLANG_WARN_NON_LITERAL_NULL_CONVERSION = YES;
				CLANG_WARN_OBJC_IMPLICIT_RETAIN_SELF = YES;
				CLANG_WARN_OBJC_LITERAL_CONVERSION = YES;
				CLANG_WARN_OBJC_ROOT_CLASS = YES_ERROR;
				CLANG_WARN_RANGE_LOOP_ANALYSIS = YES;
				CLANG_WARN_STRICT_PROTOTYPES = YES;
				CLANG_WARN_SUSPICIOUS_MOVE = YES;
				CLANG_WARN_UNGUARDED_AVAILABILITY = YES_AGGRESSIVE;
				CLANG_WARN_UNREACHABLE_CODE = YES;
				CLANG_WARN__DUPLICATE_METHOD_MATCH = YES;
				COPY_PHASE_STRIP = NO;
				DEBUG_INFORMATION_FORMAT = dwarf;
				ENABLE_STRICT_OBJC_MSGSEND = YES;
				ENABLE_TESTABILITY = YES;
				GCC_C_LANGUAGE_STANDARD = gnu11;
				GCC_DYNAMIC_NO_PIC = NO;
				GCC_NO_COMMON_BLOCKS = YES;
				GCC_OPTIMIZATION_LEVEL = 0;
				GCC_PREPROCESSOR_DEFINITIONS = (
					"DEBUG=1",
					"$(inherited)",
				);
				GCC_WARN_64_TO_32_BIT_CONVERSION = YES;
				GCC_WARN_ABOUT_RETURN_TYPE = YES_ERROR;
				GCC_WARN_UNDECLARED_SELECTOR = YES;
				GCC_WARN_UNINITIALIZED_AUTOS = YES_AGGRESSIVE;
				GCC_WARN_UNUSED_FUNCTION = YES;
				GCC_WARN_UNUSED_VARIABLE = YES;
				IPHONEOS_DEPLOYMENT_TARGET = 13.2;
				MTL_ENABLE_DEBUG_INFO = INCLUDE_SOURCE;
				MTL_FAST_MATH = YES;
				ONLY_ACTIVE_ARCH = YES;
				SDKROOT = iphoneos;
				SWIFT_ACTIVE_COMPILATION_CONDITIONS = DEBUG;
				SWIFT_OPTIMIZATION_LEVEL = "-Onone";
			};
			name = Debug;
		};
		542BD0DE240445E800443EB9 /* Release */ = {
			isa = XCBuildConfiguration;
			buildSettings = {
				ALWAYS_SEARCH_USER_PATHS = NO;
				CLANG_ANALYZER_NONNULL = YES;
				CLANG_ANALYZER_NUMBER_OBJECT_CONVERSION = YES_AGGRESSIVE;
				CLANG_CXX_LANGUAGE_STANDARD = "gnu++14";
				CLANG_CXX_LIBRARY = "libc++";
				CLANG_ENABLE_MODULES = YES;
				CLANG_ENABLE_OBJC_ARC = YES;
				CLANG_ENABLE_OBJC_WEAK = YES;
				CLANG_WARN_BLOCK_CAPTURE_AUTORELEASING = YES;
				CLANG_WARN_BOOL_CONVERSION = YES;
				CLANG_WARN_COMMA = YES;
				CLANG_WARN_CONSTANT_CONVERSION = YES;
				CLANG_WARN_DEPRECATED_OBJC_IMPLEMENTATIONS = YES;
				CLANG_WARN_DIRECT_OBJC_ISA_USAGE = YES_ERROR;
				CLANG_WARN_DOCUMENTATION_COMMENTS = YES;
				CLANG_WARN_EMPTY_BODY = YES;
				CLANG_WARN_ENUM_CONVERSION = YES;
				CLANG_WARN_INFINITE_RECURSION = YES;
				CLANG_WARN_INT_CONVERSION = YES;
				CLANG_WARN_NON_LITERAL_NULL_CONVERSION = YES;
				CLANG_WARN_OBJC_IMPLICIT_RETAIN_SELF = YES;
				CLANG_WARN_OBJC_LITERAL_CONVERSION = YES;
				CLANG_WARN_OBJC_ROOT_CLASS = YES_ERROR;
				CLANG_WARN_RANGE_LOOP_ANALYSIS = YES;
				CLANG_WARN_STRICT_PROTOTYPES = YES;
				CLANG_WARN_SUSPICIOUS_MOVE = YES;
				CLANG_WARN_UNGUARDED_AVAILABILITY = YES_AGGRESSIVE;
				CLANG_WARN_UNREACHABLE_CODE = YES;
				CLANG_WARN__DUPLICATE_METHOD_MATCH = YES;
				COPY_PHASE_STRIP = NO;
				DEBUG_INFORMATION_FORMAT = "dwarf-with-dsym";
				ENABLE_NS_ASSERTIONS = NO;
				ENABLE_STRICT_OBJC_MSGSEND = YES;
				GCC_C_LANGUAGE_STANDARD = gnu11;
				GCC_NO_COMMON_BLOCKS = YES;
				GCC_WARN_64_TO_32_BIT_CONVERSION = YES;
				GCC_WARN_ABOUT_RETURN_TYPE = YES_ERROR;
				GCC_WARN_UNDECLARED_SELECTOR = YES;
				GCC_WARN_UNINITIALIZED_AUTOS = YES_AGGRESSIVE;
				GCC_WARN_UNUSED_FUNCTION = YES;
				GCC_WARN_UNUSED_VARIABLE = YES;
				IPHONEOS_DEPLOYMENT_TARGET = 13.2;
				MTL_ENABLE_DEBUG_INFO = NO;
				MTL_FAST_MATH = YES;
				SDKROOT = iphoneos;
				SWIFT_COMPILATION_MODE = wholemodule;
				SWIFT_OPTIMIZATION_LEVEL = "-O";
				VALIDATE_PRODUCT = YES;
			};
			name = Release;
		};
		542BD0E0240445E800443EB9 /* Debug */ = {
			isa = XCBuildConfiguration;
			buildSettings = {
				ASSETCATALOG_COMPILER_APPICON_NAME = AppIcon;
				CODE_SIGN_STYLE = Automatic;
				INFOPLIST_FILE = myAutoLayout/Info.plist;
				LD_RUNPATH_SEARCH_PATHS = (
					"$(inherited)",
					"@executable_path/Frameworks",
				);
				PRODUCT_BUNDLE_IDENTIFIER = com.toannguyen.myAutoLayout;
				PRODUCT_NAME = "$(TARGET_NAME)";
				SWIFT_VERSION = 5.0;
				TARGETED_DEVICE_FAMILY = "1,2";
			};
			name = Debug;
		};
		542BD0E1240445E800443EB9 /* Release */ = {
			isa = XCBuildConfiguration;
			buildSettings = {
				ASSETCATALOG_COMPILER_APPICON_NAME = AppIcon;
				CODE_SIGN_STYLE = Automatic;
				INFOPLIST_FILE = myAutoLayout/Info.plist;
				LD_RUNPATH_SEARCH_PATHS = (
					"$(inherited)",
					"@executable_path/Frameworks",
				);
				PRODUCT_BUNDLE_IDENTIFIER = com.toannguyen.myAutoLayout;
				PRODUCT_NAME = "$(TARGET_NAME)";
				SWIFT_VERSION = 5.0;
				TARGETED_DEVICE_FAMILY = "1,2";
			};
			name = Release;
		};
/* End XCBuildConfiguration section */

/* Begin XCConfigurationList section */
		542BD0C3240445E700443EB9 /* Build configuration list for PBXProject "myAutoLayout" */ = {
			isa = XCConfigurationList;
			buildConfigurations = (
				542BD0DD240445E800443EB9 /* Debug */,
				542BD0DE240445E800443EB9 /* Release */,
			);
			defaultConfigurationIsVisible = 0;
			defaultConfigurationName = Release;
		};
		542BD0DF240445E800443EB9 /* Build configuration list for PBXNativeTarget "myAutoLayout" */ = {
			isa = XCConfigurationList;
			buildConfigurations = (
				542BD0E0240445E800443EB9 /* Debug */,
				542BD0E1240445E800443EB9 /* Release */,
			);
			defaultConfigurationIsVisible = 0;
			defaultConfigurationName = Release;
		};
/* End XCConfigurationList section */

/* Begin XCVersionGroup section */
		542BD0D4240445E700443EB9 /* myAutoLayout.xcdatamodeld */ = {
			isa = XCVersionGroup;
			children = (
				542BD0D5240445E700443EB9 /* myAutoLayout.xcdatamodel */,
			);
			currentVersion = 542BD0D5240445E700443EB9 /* myAutoLayout.xcdatamodel */;
			path = myAutoLayout.xcdatamodeld;
			sourceTree = "<group>";
			versionGroupType = wrapper.xcdatamodel;
		};
/* End XCVersionGroup section */
	};
	rootObject = 542BD0C0240445E700443EB9 /* Project object */;
}
